
Microsoft Visual Studio Solution File, Format Version 12.00
# Visual Studio Version 17
VisualStudioVersion = 17.7.34221.43
MinimumVisualStudioVersion = 10.0.40219.1
Project("{FAE04EC0-301F-11D3-BF4B-00C04F79EFBC}") = "Leibniz", "Leibniz\Leibniz.csproj", "{73FA83C6-20E1-482B-A5ED-F402D4AC7A7A}"
EndProject
Global
	GlobalSection(SolutionConfigurationPlatforms) = preSolution
		Debug|Any CPU = Debug|Any CPU
		Release|Any CPU = Release|Any CPU
	EndGlobalSection
	GlobalSection(ProjectConfigurationPlatforms) = postSolution
		{73FA83C6-20E1-482B-A5ED-F402D4AC7A7A}.Debug|Any CPU.ActiveCfg = Debug|Any CPU
		{73FA83C6-20E1-482B-A5ED-F402D4AC7A7A}.Debug|Any CPU.Build.0 = Debug|Any CPU
		{73FA83C6-20E1-482B-A5ED-F402D4AC7A7A}.Release|Any CPU.ActiveCfg = Release|Any CPU
		{73FA83C6-20E1-482B-A5ED-F402D4AC7A7A}.Release|Any CPU.Build.0 = Release|Any CPU
	EndGlobalSection
	GlobalSection(SolutionProperties) = preSolution
		HideSolutionNode = FALSE
	EndGlobalSection
	GlobalSection(ExtensibilityGlobals) = postSolution
		SolutionGuid = {2E7AC3A2-6158-4E2B-93D1-AA2AE8A15A8D}
	EndGlobalSection
EndGlobal
